
Microsoft Visual Studio Solution File, Format Version 12.00
# Visual Studio Version 16
VisualStudioVersion = 16.0.31005.135
MinimumVisualStudioVersion = 10.0.40219.1
Project("{9A19103F-16F7-4668-BE54-9A1E7A4F7556}") = "Entities", "Entities\Entities.csproj", "{A29B9A99-309D-4F81-A60A-6932FA781596}"
EndProject
Project("{9A19103F-16F7-4668-BE54-9A1E7A4F7556}") = "DataAccess", "DataAccess\DataAccess.csproj", "{843A774B-A1F4-4658-84A8-C9DAE2A926F8}"
EndProject
Project("{9A19103F-16F7-4668-BE54-9A1E7A4F7556}") = "Business", "Business\Business.csproj", "{4EADE670-30FB-4CEE-B963-B334F0B519DB}"
EndProject
Project("{9A19103F-16F7-4668-BE54-9A1E7A4F7556}") = "ConsoleUI", "ConsoleUI\ConsoleUI.csproj", "{5B23C2DA-E710-4C6D-A501-895FA155DAFF}"
EndProject
Global
	GlobalSection(SolutionConfigurationPlatforms) = preSolution
		Debug|Any CPU = Debug|Any CPU
		Release|Any CPU = Release|Any CPU
	EndGlobalSection
	GlobalSection(ProjectConfigurationPlatforms) = postSolution
		{A29B9A99-309D-4F81-A60A-6932FA781596}.Debug|Any CPU.ActiveCfg = Debug|Any CPU
		{A29B9A99-309D-4F81-A60A-6932FA781596}.Debug|Any CPU.Build.0 = Debug|Any CPU
		{A29B9A99-309D-4F81-A60A-6932FA781596}.Release|Any CPU.ActiveCfg = Release|Any CPU
		{A29B9A99-309D-4F81-A60A-6932FA781596}.Release|Any CPU.Build.0 = Release|Any CPU
		{843A774B-A1F4-4658-84A8-C9DAE2A926F8}.Debug|Any CPU.ActiveCfg = Debug|Any CPU
		{843A774B-A1F4-4658-84A8-C9DAE2A926F8}.Debug|Any CPU.Build.0 = Debug|Any CPU
		{843A774B-A1F4-4658-84A8-C9DAE2A926F8}.Release|Any CPU.ActiveCfg = Release|Any CPU
		{843A774B-A1F4-4658-84A8-C9DAE2A926F8}.Release|Any CPU.Build.0 = Release|Any CPU
		{4EADE670-30FB-4CEE-B963-B334F0B519DB}.Debug|Any CPU.ActiveCfg = Debug|Any CPU
		{4EADE670-30FB-4CEE-B963-B334F0B519DB}.Debug|Any CPU.Build.0 = Debug|Any CPU
		{4EADE670-30FB-4CEE-B963-B334F0B519DB}.Release|Any CPU.ActiveCfg = Release|Any CPU
		{4EADE670-30FB-4CEE-B963-B334F0B519DB}.Release|Any CPU.Build.0 = Release|Any CPU
		{5B23C2DA-E710-4C6D-A501-895FA155DAFF}.Debug|Any CPU.ActiveCfg = Debug|Any CPU
		{5B23C2DA-E710-4C6D-A501-895FA155DAFF}.Debug|Any CPU.Build.0 = Debug|Any CPU
		{5B23C2DA-E710-4C6D-A501-895FA155DAFF}.Release|Any CPU.ActiveCfg = Release|Any CPU
		{5B23C2DA-E710-4C6D-A501-895FA155DAFF}.Release|Any CPU.Build.0 = Release|Any CPU
	EndGlobalSection
	GlobalSection(SolutionProperties) = preSolution
		HideSolutionNode = FALSE
	EndGlobalSection
	GlobalSection(ExtensibilityGlobals) = postSolution
		SolutionGuid = {5D804DEE-AE1A-4462-9919-5813A68D456E}
	EndGlobalSection
EndGlobal
